
Microsoft Visual Studio Solution File, Format Version 12.00
# Visual Studio Version 17
VisualStudioVersion = 17.13.35931.197
MinimumVisualStudioVersion = 10.0.40219.1
Project("{FAE04EC0-301F-11D3-BF4B-00C04F79EFBC}") = "ProductService", "ProductService\ProductService.csproj", "{AADC23F4-91EF-4E8D-BE59-CF02FCCEC682}"
EndProject
Project("{FAE04EC0-301F-11D3-BF4B-00C04F79EFBC}") = "OrderService", "OrderService\OrderService.csproj", "{89F1C30A-412E-428E-968D-2076E5FD1349}"
EndProject
Global
	GlobalSection(SolutionConfigurationPlatforms) = preSolution
		Debug|Any CPU = Debug|Any CPU
		Release|Any CPU = Release|Any CPU
	EndGlobalSection
	GlobalSection(ProjectConfigurationPlatforms) = postSolution
		{AADC23F4-91EF-4E8D-BE59-CF02FCCEC682}.Debug|Any CPU.ActiveCfg = Debug|Any CPU
		{AADC23F4-91EF-4E8D-BE59-CF02FCCEC682}.Debug|Any CPU.Build.0 = Debug|Any CPU
		{AADC23F4-91EF-4E8D-BE59-CF02FCCEC682}.Release|Any CPU.ActiveCfg = Release|Any CPU
		{AADC23F4-91EF-4E8D-BE59-CF02FCCEC682}.Release|Any CPU.Build.0 = Release|Any CPU
		{89F1C30A-412E-428E-968D-2076E5FD1349}.Debug|Any CPU.ActiveCfg = Debug|Any CPU
		{89F1C30A-412E-428E-968D-2076E5FD1349}.Debug|Any CPU.Build.0 = Debug|Any CPU
		{89F1C30A-412E-428E-968D-2076E5FD1349}.Release|Any CPU.ActiveCfg = Release|Any CPU
		{89F1C30A-412E-428E-968D-2076E5FD1349}.Release|Any CPU.Build.0 = Release|Any CPU
	EndGlobalSection
	GlobalSection(SolutionProperties) = preSolution
		HideSolutionNode = FALSE
	EndGlobalSection
	GlobalSection(ExtensibilityGlobals) = postSolution
		SolutionGuid = {A279ADC1-E0AF-4590-A217-0BDD4CD9BF7D}
	EndGlobalSection
EndGlobal
